// !$*UTF8*$!
{
	archiveVersion = 1;
	classes = {
	};
	objectVersion = 46;
	objects = {

/* Begin PBXBuildFile section */
		ED2B4BA7194758C900821FE4 /* AppDelegate.swift in Sources */ = {isa = PBXBuildFile; fileRef = ED2B4BA6194758C900821FE4 /* AppDelegate.swift */; };
		ED2B4BAA194758C900821FE4 /* AccelerometerFun.xcdatamodeld in Sources */ = {isa = PBXBuildFile; fileRef = ED2B4BA8194758C900821FE4 /* AccelerometerFun.xcdatamodeld */; };
		ED2B4BAC194758C900821FE4 /* ViewController.swift in Sources */ = {isa = PBXBuildFile; fileRef = ED2B4BAB194758C900821FE4 /* ViewController.swift */; };
		ED2B4BAF194758C900821FE4 /* Main.storyboard in Resources */ = {isa = PBXBuildFile; fileRef = ED2B4BAD194758C900821FE4 /* Main.storyboard */; };
		ED2B4BB1194758C900821FE4 /* Images.xcassets in Resources */ = {isa = PBXBuildFile; fileRef = ED2B4BB0194758C900821FE4 /* Images.xcassets */; };
		ED2B4BBD194758C900821FE4 /* AccelerometerFunTests.swift in Sources */ = {isa = PBXBuildFile; fileRef = ED2B4BBC194758C900821FE4 /* AccelerometerFunTests.swift */; };
		EDBECA271947A46A000AE693 /* CoreMotion.framework in Frameworks */ = {isa = PBXBuildFile; fileRef = EDBECA261947A46A000AE693 /* CoreMotion.framework */; };
/* End PBXBuildFile section */

/* Begin PBXContainerItemProxy section */
		ED2B4BB7194758C900821FE4 /* PBXContainerItemProxy */ = {
			isa = PBXContainerItemProxy;
			containerPortal = ED2B4B99194758C900821FE4 /* Project object */;
			proxyType = 1;
			remoteGlobalIDString = ED2B4BA0194758C900821FE4;
			remoteInfo = AccelerometerFun;
		};
/* End PBXContainerItemProxy section */

/* Begin PBXFileReference section */
		ED2B4BA1194758C900821FE4 /* AccelerometerFun.app */ = {isa = PBXFileReference; explicitFileType = wrapper.application; includeInIndex = 0; path = AccelerometerFun.app; sourceTree = BUILT_PRODUCTS_DIR; };
		ED2B4BA5194758C900821FE4 /* Info.plist */ = {isa = PBXFileReference; lastKnownFileType = text.plist.xml; path = Info.plist; sourceTree = "<group>"; };
		ED2B4BA6194758C900821FE4 /* AppDelegate.swift */ = {isa = PBXFileReference; lastKnownFileType = sourcecode.swift; path = AppDelegate.swift; sourceTree = "<group>"; };
		ED2B4BA9194758C900821FE4 /* AccelerometerFun.xcdatamodel */ = {isa = PBXFileReference; lastKnownFileType = wrapper.xcdatamodel; path = AccelerometerFun.xcdatamodel; sourceTree = "<group>"; };
		ED2B4BAB194758C900821FE4 /* ViewController.swift */ = {isa = PBXFileReference; lastKnownFileType = sourcecode.swift; path = ViewController.swift; sourceTree = "<group>"; };
		ED2B4BAE194758C900821FE4 /* Base */ = {isa = PBXFileReference; lastKnownFileType = file.storyboard; name = Base; path = Base.lproj/Main.storyboard; sourceTree = "<group>"; };
		ED2B4BB0194758C900821FE4 /* Images.xcassets */ = {isa = PBXFileReference; lastKnownFileType = folder.assetcatalog; path = Images.xcassets; sourceTree = "<group>"; };
		ED2B4BB6194758C900821FE4 /* AccelerometerFunTests.xctest */ = {isa = PBXFileReference; explicitFileType = wrapper.cfbundle; includeInIndex = 0; path = AccelerometerFunTests.xctest; sourceTree = BUILT_PRODUCTS_DIR; };
		ED2B4BBB194758C900821FE4 /* Info.plist */ = {isa = PBXFileReference; lastKnownFileType = text.plist.xml; path = Info.plist; sourceTree = "<group>"; };
		ED2B4BBC194758C900821FE4 /* AccelerometerFunTests.swift */ = {isa = PBXFileReference; lastKnownFileType = sourcecode.swift; path = AccelerometerFunTests.swift; sourceTree = "<group>"; };
		EDBECA261947A46A000AE693 /* CoreMotion.framework */ = {isa = PBXFileReference; lastKnownFileType = wrapper.framework; name = CoreMotion.framework; path = System/Library/Frameworks/CoreMotion.framework; sourceTree = SDKROOT; };
/* End PBXFileReference section */

/* Begin PBXFrameworksBuildPhase section */
		ED2B4B9E194758C900821FE4 /* Frameworks */ = {
			isa = PBXFrameworksBuildPhase;
			buildActionMask = 2147483647;
			files = (
				EDBECA271947A46A000AE693 /* CoreMotion.framework in Frameworks */,
			);
			runOnlyForDeploymentPostprocessing = 0;
		};
		ED2B4BB3194758C900821FE4 /* Frameworks */ = {
			isa = PBXFrameworksBuildPhase;
			buildActionMask = 2147483647;
			files = (
			);
			runOnlyForDeploymentPostprocessing = 0;
		};
/* End PBXFrameworksBuildPhase section */

/* Begin PBXGroup section */
		ED2B4B98194758C900821FE4 = {
			isa = PBXGroup;
			children = (
				EDBECA261947A46A000AE693 /* CoreMotion.framework */,
				ED2B4BA3194758C900821FE4 /* AccelerometerFun */,
				ED2B4BB9194758C900821FE4 /* AccelerometerFunTests */,
				ED2B4BA2194758C900821FE4 /* Products */,
			);
			sourceTree = "<group>";
		};
		ED2B4BA2194758C900821FE4 /* Products */ = {
			isa = PBXGroup;
			children = (
				ED2B4BA1194758C900821FE4 /* AccelerometerFun.app */,
				ED2B4BB6194758C900821FE4 /* AccelerometerFunTests.xctest */,
			);
			name = Products;
			sourceTree = "<group>";
		};
		ED2B4BA3194758C900821FE4 /* AccelerometerFun */ = {
			isa = PBXGroup;
			children = (
				ED2B4BA6194758C900821FE4 /* AppDelegate.swift */,
				ED2B4BAB194758C900821FE4 /* ViewController.swift */,
				ED2B4BAD194758C900821FE4 /* Main.storyboard */,
				ED2B4BB0194758C900821FE4 /* Images.xcassets */,
				ED2B4BA8194758C900821FE4 /* AccelerometerFun.xcdatamodeld */,
				ED2B4BA4194758C900821FE4 /* Supporting Files */,
			);
			path = AccelerometerFun;
			sourceTree = "<group>";
		};
		ED2B4BA4194758C900821FE4 /* Supporting Files */ = {
			isa = PBXGroup;
			children = (
				ED2B4BA5194758C900821FE4 /* Info.plist */,
			);
			name = "Supporting Files";
			sourceTree = "<group>";
		};
		ED2B4BB9194758C900821FE4 /* AccelerometerFunTests */ = {
			isa = PBXGroup;
			children = (
				ED2B4BBC194758C900821FE4 /* AccelerometerFunTests.swift */,
				ED2B4BBA194758C900821FE4 /* Supporting Files */,
			);
			path = AccelerometerFunTests;
			sourceTree = "<group>";
		};
		ED2B4BBA194758C900821FE4 /* Supporting Files */ = {
			isa = PBXGroup;
			children = (
				ED2B4BBB194758C900821FE4 /* Info.plist */,
			);
			name = "Supporting Files";
			sourceTree = "<group>";
		};
/* End PBXGroup section */

/* Begin PBXNativeTarget section */
		ED2B4BA0194758C900821FE4 /* AccelerometerFun */ = {
			isa = PBXNativeTarget;
			buildConfigurationList = ED2B4BC0194758C900821FE4 /* Build configuration list for PBXNativeTarget "AccelerometerFun" */;
			buildPhases = (
				ED2B4B9D194758C900821FE4 /* Sources */,
				ED2B4B9E194758C900821FE4 /* Frameworks */,
				ED2B4B9F194758C900821FE4 /* Resources */,
			);
			buildRules = (
			);
			dependencies = (
			);
			name = AccelerometerFun;
			productName = AccelerometerFun;
			productReference = ED2B4BA1194758C900821FE4 /* AccelerometerFun.app */;
			productType = "com.apple.product-type.application";
		};
		ED2B4BB5194758C900821FE4 /* AccelerometerFunTests */ = {
			isa = PBXNativeTarget;
			buildConfigurationList = ED2B4BC3194758C900821FE4 /* Build configuration list for PBXNativeTarget "AccelerometerFunTests" */;
			buildPhases = (
				ED2B4BB2194758C900821FE4 /* Sources */,
				ED2B4BB3194758C900821FE4 /* Frameworks */,
				ED2B4BB4194758C900821FE4 /* Resources */,
			);
			buildRules = (
			);
			dependencies = (
				ED2B4BB8194758C900821FE4 /* PBXTargetDependency */,
			);
			name = AccelerometerFunTests;
			productName = AccelerometerFunTests;
			productReference = ED2B4BB6194758C900821FE4 /* AccelerometerFunTests.xctest */;
			productType = "com.apple.product-type.bundle.unit-test";
		};
/* End PBXNativeTarget section */

/* Begin PBXProject section */
		ED2B4B99194758C900821FE4 /* Project object */ = {
			isa = PBXProject;
			attributes = {
				LastUpgradeCheck = 0600;
				ORGANIZATIONNAME = "David Fry";
				TargetAttributes = {
					ED2B4BA0194758C900821FE4 = {
						CreatedOnToolsVersion = 6.0;
					};
					ED2B4BB5194758C900821FE4 = {
						CreatedOnToolsVersion = 6.0;
						TestTargetID = ED2B4BA0194758C900821FE4;
					};
				};
			};
			buildConfigurationList = ED2B4B9C194758C900821FE4 /* Build configuration list for PBXProject "AccelerometerFun" */;
			compatibilityVersion = "Xcode 3.2";
			developmentRegion = English;
			hasScannedForEncodings = 0;
			knownRegions = (
				en,
				Base,
			);
			mainGroup = ED2B4B98194758C900821FE4;
			productRefGroup = ED2B4BA2194758C900821FE4 /* Products */;
			projectDirPath = "";
			projectRoot = "";
			targets = (
				ED2B4BA0194758C900821FE4 /* AccelerometerFun */,
				ED2B4BB5194758C900821FE4 /* AccelerometerFunTests */,
			);
		};
/* End PBXProject section */

/* Begin PBXResourcesBuildPhase section */
		ED2B4B9F194758C900821FE4 /* Resources */ = {
			isa = PBXResourcesBuildPhase;
			buildActionMask = 2147483647;
			files = (
				ED2B4BAF194758C900821FE4 /* Main.storyboard in Resources */,
				ED2B4BB1194758C900821FE4 /* Images.xcassets in Resources */,
			);
			runOnlyForDeploymentPostprocessing = 0;
		};
		ED2B4BB4194758C900821FE4 /* Resources */ = {
			isa = PBXResourcesBuildPhase;
			buildActionMask = 2147483647;
			files = (
			);
			runOnlyForDeploymentPostprocessing = 0;
		};
/* End PBXResourcesBuildPhase section */

/* Begin PBXSourcesBuildPhase section */
		ED2B4B9D194758C900821FE4 /* Sources */ = {
			isa = PBXSourcesBuildPhase;
			buildActionMask = 2147483647;
			files = (
				ED2B4BAC194758C900821FE4 /* ViewController.swift in Sources */,
				ED2B4BA7194758C900821FE4 /* AppDelegate.swift in Sources */,
				ED2B4BAA194758C900821FE4 /* AccelerometerFun.xcdatamodeld in Sources */,
			);
			runOnlyForDeploymentPostprocessing = 0;
		};
		ED2B4BB2194758C900821FE4 /* Sources */ = {
			isa = PBXSourcesBuildPhase;
			buildActionMask = 2147483647;
			files = (
				ED2B4BBD194758C900821FE4 /* AccelerometerFunTests.swift in Sources */,
			);
			runOnlyForDeploymentPostprocessing = 0;
		};
/* End PBXSourcesBuildPhase section */

/* Begin PBXTargetDependency section */
		ED2B4BB8194758C900821FE4 /* PBXTargetDependency */ = {
			isa = PBXTargetDependency;
			target = ED2B4BA0194758C900821FE4 /* AccelerometerFun */;
			targetProxy = ED2B4BB7194758C900821FE4 /* PBXContainerItemProxy */;
		};
/* End PBXTargetDependency section */

/* Begin PBXVariantGroup section */
		ED2B4BAD194758C900821FE4 /* Main.storyboard */ = {
			isa = PBXVariantGroup;
			children = (
				ED2B4BAE194758C900821FE4 /* Base */,
			);
			name = Main.storyboard;
			sourceTree = "<group>";
		};
/* End PBXVariantGroup section */

/* Begin XCBuildConfiguration section */
		ED2B4BBE194758C900821FE4 /* Debug */ = {
			isa = XCBuildConfiguration;
			buildSettings = {
				ALWAYS_SEARCH_USER_PATHS = NO;
				CLANG_CXX_LANGUAGE_STANDARD = "gnu++0x";
				CLANG_CXX_LIBRARY = "libc++";
				CLANG_ENABLE_MODULES = YES;
				CLANG_ENABLE_OBJC_ARC = YES;
				CLANG_WARN_BOOL_CONVERSION = YES;
				CLANG_WARN_CONSTANT_CONVERSION = YES;
				CLANG_WARN_DIRECT_OBJC_ISA_USAGE = YES_ERROR;
				CLANG_WARN_EMPTY_BODY = YES;
				CLANG_WARN_ENUM_CONVERSION = YES;
				CLANG_WARN_INT_CONVERSION = YES;
				CLANG_WARN_OBJC_ROOT_CLASS = YES_ERROR;
				CLANG_WARN_UNREACHABLE_CODE = YES;
				CLANG_WARN__DUPLICATE_METHOD_MATCH = YES;
				"CODE_SIGN_IDENTITY[sdk=iphoneos*]" = "iPhone Developer";
				COPY_PHASE_STRIP = NO;
				ENABLE_STRICT_OBJC_MSGSEND = YES;
				GCC_C_LANGUAGE_STANDARD = gnu99;
				GCC_DYNAMIC_NO_PIC = NO;
				GCC_OPTIMIZATION_LEVEL = 0;
				GCC_PREPROCESSOR_DEFINITIONS = (
					"DEBUG=1",
					"$(inherited)",
				);
				GCC_SYMBOLS_PRIVATE_EXTERN = NO;
				GCC_WARN_64_TO_32_BIT_CONVERSION = YES;
				GCC_WARN_ABOUT_RETURN_TYPE = YES_ERROR;
				GCC_WARN_UNDECLARED_SELECTOR = YES;
				GCC_WARN_UNINITIALIZED_AUTOS = YES_AGGRESSIVE;
				GCC_WARN_UNUSED_FUNCTION = YES;
				GCC_WARN_UNUSED_VARIABLE = YES;
				IPHONEOS_DEPLOYMENT_TARGET = 8.0;
				METAL_ENABLE_DEBUG_INFO = YES;
				ONLY_ACTIVE_ARCH = YES;
				SDKROOT = iphoneos;
				SWIFT_OPTIMIZATION_LEVEL = "-Onone";
			};
			name = Debug;
		};
		ED2B4BBF194758C900821FE4 /* Release */ = {
			isa = XCBuildConfiguration;
			buildSettings = {
				ALWAYS_SEARCH_USER_PATHS = NO;
				CLANG_CXX_LANGUAGE_STANDARD = "gnu++0x";
				CLANG_CXX_LIBRARY = "libc++";
				CLANG_ENABLE_MODULES = YES;
				CLANG_ENABLE_OBJC_ARC = YES;
				CLANG_WARN_BOOL_CONVERSION = YES;
				CLANG_WARN_CONSTANT_CONVERSION = YES;
				CLANG_WARN_DIRECT_OBJC_ISA_USAGE = YES_ERROR;
				CLANG_WARN_EMPTY_BODY = YES;
				CLANG_WARN_ENUM_CONVERSION = YES;
				CLANG_WARN_INT_CONVERSION = YES;
				CLANG_WARN_OBJC_ROOT_CLASS = YES_ERROR;
				CLANG_WARN_UNREACHABLE_CODE = YES;
				CLANG_WARN__DUPLICATE_METHOD_MATCH = YES;
				"CODE_SIGN_IDENTITY[sdk=iphoneos*]" = "iPhone Developer";
				COPY_PHASE_STRIP = YES;
				ENABLE_NS_ASSERTIONS = NO;
				ENABLE_STRICT_OBJC_MSGSEND = YES;
				GCC_C_LANGUAGE_STANDARD = gnu99;
				GCC_WARN_64_TO_32_BIT_CONVERSION = YES;
				GCC_WARN_ABOUT_RETURN_TYPE = YES_ERROR;
				GCC_WARN_UNDECLARED_SELECTOR = YES;
				GCC_WARN_UNINITIALIZED_AUTOS = YES_AGGRESSIVE;
				GCC_WARN_UNUSED_FUNCTION = YES;
				GCC_WARN_UNUSED_VARIABLE = YES;
				IPHONEOS_DEPLOYMENT_TARGET = 8.0;
				METAL_ENABLE_DEBUG_INFO = NO;
				SDKROOT = iphoneos;
				VALIDATE_PRODUCT = YES;
			};
			name = Release;
		};
		ED2B4BC1194758C900821FE4 /* Debug */ = {
			isa = XCBuildConfiguration;
			buildSettings = {
				ASSETCATALOG_COMPILER_APPICON_NAME = AppIcon;
				ASSETCATALOG_COMPILER_LAUNCHIMAGE_NAME = LaunchImage;
				INFOPLIST_FILE = AccelerometerFun/Info.plist;
				LD_RUNPATH_SEARCH_PATHS = "$(inherited) @executable_path/Frameworks";
				PRODUCT_NAME = "$(TARGET_NAME)";
			};
			name = Debug;
		};
		ED2B4BC2194758C900821FE4 /* Release */ = {
			isa = XCBuildConfiguration;
			buildSettings = {
				ASSETCATALOG_COMPILER_APPICON_NAME = AppIcon;
				ASSETCATALOG_COMPILER_LAUNCHIMAGE_NAME = LaunchImage;
				INFOPLIST_FILE = AccelerometerFun/Info.plist;
				LD_RUNPATH_SEARCH_PATHS = "$(inherited) @executable_path/Frameworks";
				PRODUCT_NAME = "$(TARGET_NAME)";
			};
			name = Release;
		};
		ED2B4BC4194758C900821FE4 /* Debug */ = {
			isa = XCBuildConfiguration;
			buildSettings = {
				BUNDLE_LOADER = "$(BUILT_PRODUCTS_DIR)/AccelerometerFun.app/AccelerometerFun";
				FRAMEWORK_SEARCH_PATHS = (
					"$(SDKROOT)/Developer/Library/Frameworks",
					"$(inherited)",
				);
				GCC_PREPROCESSOR_DEFINITIONS = (
					"DEBUG=1",
					"$(inherited)",
				);
				INFOPLIST_FILE = AccelerometerFunTests/Info.plist;
				LD_RUNPATH_SEARCH_PATHS = "$(inherited) @executable_path/Frameworks @loader_path/Frameworks";
				METAL_ENABLE_DEBUG_INFO = YES;
				PRODUCT_NAME = "$(TARGET_NAME)";
				TEST_HOST = "$(BUNDLE_LOADER)";
			};
			name = Debug;
		};
		ED2B4BC5194758C900821FE4 /* Release */ = {
			isa = XCBuildConfiguration;
			buildSettings = {
				BUNDLE_LOADER = "$(BUILT_PRODUCTS_DIR)/AccelerometerFun.app/AccelerometerFun";
				FRAMEWORK_SEARCH_PATHS = (
					"$(SDKROOT)/Developer/Library/Frameworks",
					"$(inherited)",
				);
				INFOPLIST_FILE = AccelerometerFunTests/Info.plist;
				LD_RUNPATH_SEARCH_PATHS = "$(inherited) @executable_path/Frameworks @loader_path/Frameworks";
				METAL_ENABLE_DEBUG_INFO = NO;
				PRODUCT_NAME = "$(TARGET_NAME)";
				TEST_HOST = "$(BUNDLE_LOADER)";
			};
			name = Release;
		};
/* End XCBuildConfiguration section */

/* Begin XCConfigurationList section */
		ED2B4B9C194758C900821FE4 /* Build configuration list for PBXProject "AccelerometerFun" */ = {
			isa = XCConfigurationList;
			buildConfigurations = (
				ED2B4BBE194758C900821FE4 /* Debug */,
				ED2B4BBF194758C900821FE4 /* Release */,
			);
			defaultConfigurationIsVisible = 0;
			defaultConfigurationName = Release;
		};
		ED2B4BC0194758C900821FE4 /* Build configuration list for PBXNativeTarget "AccelerometerFun" */ = {
			isa = XCConfigurationList;
			buildConfigurations = (
				ED2B4BC1194758C900821FE4 /* Debug */,
				ED2B4BC2194758C900821FE4 /* Release */,
			);
			defaultConfigurationIsVisible = 0;
			defaultConfigurationName = Release;
		};
		ED2B4BC3194758C900821FE4 /* Build configuration list for PBXNativeTarget "AccelerometerFunTests" */ = {
			isa = XCConfigurationList;
			buildConfigurations = (
				ED2B4BC4194758C900821FE4 /* Debug */,
				ED2B4BC5194758C900821FE4 /* Release */,
			);
			defaultConfigurationIsVisible = 0;
			defaultConfigurationName = Release;
		};
/* End XCConfigurationList section */

/* Begin XCVersionGroup section */
		ED2B4BA8194758C900821FE4 /* AccelerometerFun.xcdatamodeld */ = {
			isa = XCVersionGroup;
			children = (
				ED2B4BA9194758C900821FE4 /* AccelerometerFun.xcdatamodel */,
			);
			currentVersion = ED2B4BA9194758C900821FE4 /* AccelerometerFun.xcdatamodel */;
			path = AccelerometerFun.xcdatamodeld;
			sourceTree = "<group>";
			versionGroupType = wrapper.xcdatamodel;
		};
/* End XCVersionGroup section */
	};
	rootObject = ED2B4B99194758C900821FE4 /* Project object */;
}
